
Microsoft Visual Studio Solution File, Format Version 12.00
# Visual Studio Version 17
VisualStudioVersion = 17.6.33723.286
MinimumVisualStudioVersion = 10.0.40219.1
Project("{FAE04EC0-301F-11D3-BF4B-00C04F79EFBC}") = "XUnit-proficiency", "XUnit-proficiency\XUnit-proficiency.csproj", "{4C3B68E8-B4F6-4C43-ACE2-9D8A78218921}"
EndProject
Global
	GlobalSection(SolutionConfigurationPlatforms) = preSolution
		Debug|Any CPU = Debug|Any CPU
		Release|Any CPU = Release|Any CPU
	EndGlobalSection
	GlobalSection(ProjectConfigurationPlatforms) = postSolution
		{4C3B68E8-B4F6-4C43-ACE2-9D8A78218921}.Debug|Any CPU.ActiveCfg = Debug|Any CPU
		{4C3B68E8-B4F6-4C43-ACE2-9D8A78218921}.Debug|Any CPU.Build.0 = Debug|Any CPU
		{4C3B68E8-B4F6-4C43-ACE2-9D8A78218921}.Release|Any CPU.ActiveCfg = Release|Any CPU
		{4C3B68E8-B4F6-4C43-ACE2-9D8A78218921}.Release|Any CPU.Build.0 = Release|Any CPU
	EndGlobalSection
	GlobalSection(SolutionProperties) = preSolution
		HideSolutionNode = FALSE
	EndGlobalSection
	GlobalSection(ExtensibilityGlobals) = postSolution
		SolutionGuid = {AD70FCC4-F6D6-46F3-AC74-A08BB786820A}
	EndGlobalSection
EndGlobal
